
Microsoft Visual Studio Solution File, Format Version 12.00
# Visual Studio Version 17
VisualStudioVersion = 17.4.33122.133
MinimumVisualStudioVersion = 10.0.40219.1
Project("{FAE04EC0-301F-11D3-BF4B-00C04F79EFBC}") = "ImtahanTest1", "ImtahanTest1\ImtahanTest1.csproj", "{F4B6448B-8275-4E7F-B875-0D74793900CD}"
EndProject
Global
	GlobalSection(SolutionConfigurationPlatforms) = preSolution
		Debug|Any CPU = Debug|Any CPU
		Release|Any CPU = Release|Any CPU
	EndGlobalSection
	GlobalSection(ProjectConfigurationPlatforms) = postSolution
		{F4B6448B-8275-4E7F-B875-0D74793900CD}.Debug|Any CPU.ActiveCfg = Debug|Any CPU
		{F4B6448B-8275-4E7F-B875-0D74793900CD}.Debug|Any CPU.Build.0 = Debug|Any CPU
		{F4B6448B-8275-4E7F-B875-0D74793900CD}.Release|Any CPU.ActiveCfg = Release|Any CPU
		{F4B6448B-8275-4E7F-B875-0D74793900CD}.Release|Any CPU.Build.0 = Release|Any CPU
	EndGlobalSection
	GlobalSection(SolutionProperties) = preSolution
		HideSolutionNode = FALSE
	EndGlobalSection
	GlobalSection(ExtensibilityGlobals) = postSolution
		SolutionGuid = {FA466C1E-88BA-4AA3-B4CD-4CED0011D816}
	EndGlobalSection
EndGlobal
